
Microsoft Visual Studio Solution File, Format Version 12.00
Project("{FAE04EC0-301F-11D3-BF4B-00C04F79EFBC}") = "AbpHelper", "src\AbpHelper\AbpHelper.csproj", "{4DA71EFA-66DC-4D63-B199-037519756AD9}"
EndProject
Project("{FAE04EC0-301F-11D3-BF4B-00C04F79EFBC}") = "AbpHelper.Core", "src\AbpHelper.Core\AbpHelper.Core.csproj", "{80363CC6-BBF8-41B5-B61A-323826EBF9FF}"
EndProject
Project("{FAE04EC0-301F-11D3-BF4B-00C04F79EFBC}") = "AbpHelper.Tests", "test\AbpHelper.Tests\AbpHelper.Tests.csproj", "{69D2F715-3AC2-4F5A-A926-221192D1A26F}"
EndProject
Project("{2150E333-8FDC-42A3-9474-1A3956D46DE8}") = "src", "src", "{08E5191A-A877-4A21-AC6D-7506ACAD39CE}"
EndProject
Project("{2150E333-8FDC-42A3-9474-1A3956D46DE8}") = "test", "test", "{577930C7-C754-4B9D-95EA-5BFC7C0CB498}"
EndProject
Global
	GlobalSection(SolutionConfigurationPlatforms) = preSolution
		Debug|Any CPU = Debug|Any CPU
		Release|Any CPU = Release|Any CPU
	EndGlobalSection
	GlobalSection(ProjectConfigurationPlatforms) = postSolution
		{4DA71EFA-66DC-4D63-B199-037519756AD9}.Debug|Any CPU.ActiveCfg = Debug|Any CPU
		{4DA71EFA-66DC-4D63-B199-037519756AD9}.Debug|Any CPU.Build.0 = Debug|Any CPU
		{4DA71EFA-66DC-4D63-B199-037519756AD9}.Release|Any CPU.ActiveCfg = Release|Any CPU
		{4DA71EFA-66DC-4D63-B199-037519756AD9}.Release|Any CPU.Build.0 = Release|Any CPU
		{69D2F715-3AC2-4F5A-A926-221192D1A26F}.Debug|Any CPU.ActiveCfg = Debug|Any CPU
		{69D2F715-3AC2-4F5A-A926-221192D1A26F}.Debug|Any CPU.Build.0 = Debug|Any CPU
		{69D2F715-3AC2-4F5A-A926-221192D1A26F}.Release|Any CPU.ActiveCfg = Release|Any CPU
		{69D2F715-3AC2-4F5A-A926-221192D1A26F}.Release|Any CPU.Build.0 = Release|Any CPU
		{80363CC6-BBF8-41B5-B61A-323826EBF9FF}.Debug|Any CPU.ActiveCfg = Debug|Any CPU
		{80363CC6-BBF8-41B5-B61A-323826EBF9FF}.Debug|Any CPU.Build.0 = Debug|Any CPU
		{80363CC6-BBF8-41B5-B61A-323826EBF9FF}.Release|Any CPU.ActiveCfg = Release|Any CPU
		{80363CC6-BBF8-41B5-B61A-323826EBF9FF}.Release|Any CPU.Build.0 = Release|Any CPU
	EndGlobalSection
	GlobalSection(NestedProjects) = preSolution
		{4DA71EFA-66DC-4D63-B199-037519756AD9} = {08E5191A-A877-4A21-AC6D-7506ACAD39CE}
		{80363CC6-BBF8-41B5-B61A-323826EBF9FF} = {08E5191A-A877-4A21-AC6D-7506ACAD39CE}
		{69D2F715-3AC2-4F5A-A926-221192D1A26F} = {577930C7-C754-4B9D-95EA-5BFC7C0CB498}
	EndGlobalSection
EndGlobal
