
Microsoft Visual Studio Solution File, Format Version 12.00
Project("{FAE04EC0-301F-11D3-BF4B-00C04F79EFBC}") = "AbpHelper", "AbpHelper\AbpHelper.csproj", "{4DA71EFA-66DC-4D63-B199-037519756AD9}"
EndProject
Project("{FAE04EC0-301F-11D3-BF4B-00C04F79EFBC}") = "AbpHelper.Tests", "AbpHelper.Tests\AbpHelper.Tests.csproj", "{69D2F715-3AC2-4F5A-A926-221192D1A26F}"
EndProject
Project("{FAE04EC0-301F-11D3-BF4B-00C04F79EFBC}") = "AbpHelper.Core", "AbpHelper.Core\AbpHelper.Core.csproj", "{80363CC6-BBF8-41B5-B61A-323826EBF9FF}"
EndProject
Global
	GlobalSection(SolutionConfigurationPlatforms) = preSolution
		Debug|Any CPU = Debug|Any CPU
		Release|Any CPU = Release|Any CPU
	EndGlobalSection
	GlobalSection(ProjectConfigurationPlatforms) = postSolution
		{4DA71EFA-66DC-4D63-B199-037519756AD9}.Debug|Any CPU.ActiveCfg = Debug|Any CPU
		{4DA71EFA-66DC-4D63-B199-037519756AD9}.Debug|Any CPU.Build.0 = Debug|Any CPU
		{4DA71EFA-66DC-4D63-B199-037519756AD9}.Release|Any CPU.ActiveCfg = Release|Any CPU
		{4DA71EFA-66DC-4D63-B199-037519756AD9}.Release|Any CPU.Build.0 = Release|Any CPU
		{69D2F715-3AC2-4F5A-A926-221192D1A26F}.Debug|Any CPU.ActiveCfg = Debug|Any CPU
		{69D2F715-3AC2-4F5A-A926-221192D1A26F}.Debug|Any CPU.Build.0 = Debug|Any CPU
		{69D2F715-3AC2-4F5A-A926-221192D1A26F}.Release|Any CPU.ActiveCfg = Release|Any CPU
		{69D2F715-3AC2-4F5A-A926-221192D1A26F}.Release|Any CPU.Build.0 = Release|Any CPU
		{80363CC6-BBF8-41B5-B61A-323826EBF9FF}.Debug|Any CPU.ActiveCfg = Debug|Any CPU
		{80363CC6-BBF8-41B5-B61A-323826EBF9FF}.Debug|Any CPU.Build.0 = Debug|Any CPU
		{80363CC6-BBF8-41B5-B61A-323826EBF9FF}.Release|Any CPU.ActiveCfg = Release|Any CPU
		{80363CC6-BBF8-41B5-B61A-323826EBF9FF}.Release|Any CPU.Build.0 = Release|Any CPU
	EndGlobalSection
EndGlobal
